github.com/sinetris/sine-die v0.4.1 h1:bGklbLxiiUXFRJ84HtM/d5feUP/ATfah5y2rqahgBJM=
github.com/sinetris/sine-die v0.4.1/go.mod h1:mjg0Fd/fP1d8JCeK6LEMNLHdVCSoQtcDYoT1fUc0JBU=
github.com/sinetris/sine-die v0.5.0 h1:HvplifLMEdHIA+4xwW3bbk0cG+V9Z/BpQxp9TPhfs+4=
github.com/sinetris/sine-die v0.5.0/go.mod h1:mjg0Fd/fP1d8JCeK6LEMNLHdVCSoQtcDYoT1fUc0JBU=
